
Microsoft Visual Studio Solution File, Format Version 12.00
# Visual Studio 15
VisualStudioVersion = 15.0.26228.4
MinimumVisualStudioVersion = 10.0.40219.1
Project("{FAE04EC0-301F-11D3-BF4B-00C04F79EFBC}") = "sendeoxu", "sendeoxu\sendeoxu.csproj", "{DEBB6C77-9D5F-4677-947B-DC2598D005CB}"
EndProject
Global
	GlobalSection(SolutionConfigurationPlatforms) = preSolution
		Debug|Any CPU = Debug|Any CPU
		Release|Any CPU = Release|Any CPU
	EndGlobalSection
	GlobalSection(ProjectConfigurationPlatforms) = postSolution
		{DEBB6C77-9D5F-4677-947B-DC2598D005CB}.Debug|Any CPU.ActiveCfg = Debug|Any CPU
		{DEBB6C77-9D5F-4677-947B-DC2598D005CB}.Debug|Any CPU.Build.0 = Debug|Any CPU
		{DEBB6C77-9D5F-4677-947B-DC2598D005CB}.Release|Any CPU.ActiveCfg = Release|Any CPU
		{DEBB6C77-9D5F-4677-947B-DC2598D005CB}.Release|Any CPU.Build.0 = Release|Any CPU
	EndGlobalSection
	GlobalSection(SolutionProperties) = preSolution
		HideSolutionNode = FALSE
	EndGlobalSection
EndGlobal
